
Microsoft Visual Studio Solution File, Format Version 12.00
# Visual Studio Version 17
VisualStudioVersion = 17.8.34525.116
MinimumVisualStudioVersion = 10.0.40219.1
Project("{FAE04EC0-301F-11D3-BF4B-00C04F79EFBC}") = "TorVps.App", "src\TorVps.App\TorVps.App.csproj", "{1681C8F9-2B4A-4192-B10F-7987A64B6C22}"
EndProject
Project("{FAE04EC0-301F-11D3-BF4B-00C04F79EFBC}") = "TorVps.Core", "src\TorVps.Core\TorVps.Core.csproj", "{03D38552-2CD2-48B0-930E-C449506F5082}"
EndProject
Project("{FAE04EC0-301F-11D3-BF4B-00C04F79EFBC}") = "TorVps.Tests", "tests\TorVps.Tests\TorVps.Tests.csproj", "{A0D4BB45-E160-4D56-8F3C-CB3D8DF65203}"
EndProject
Global
	GlobalSection(SolutionConfigurationPlatforms) = preSolution
		Debug|Any CPU = Debug|Any CPU
		Release|Any CPU = Release|Any CPU
	EndGlobalSection
	GlobalSection(ProjectConfigurationPlatforms) = postSolution
		{1681C8F9-2B4A-4192-B10F-7987A64B6C22}.Debug|Any CPU.ActiveCfg = Debug|Any CPU
		{1681C8F9-2B4A-4192-B10F-7987A64B6C22}.Debug|Any CPU.Build.0 = Debug|Any CPU
		{1681C8F9-2B4A-4192-B10F-7987A64B6C22}.Release|Any CPU.ActiveCfg = Release|Any CPU
		{1681C8F9-2B4A-4192-B10F-7987A64B6C22}.Release|Any CPU.Build.0 = Release|Any CPU
		{03D38552-2CD2-48B0-930E-C449506F5082}.Debug|Any CPU.ActiveCfg = Debug|Any CPU
		{03D38552-2CD2-48B0-930E-C449506F5082}.Debug|Any CPU.Build.0 = Debug|Any CPU
		{03D38552-2CD2-48B0-930E-C449506F5082}.Release|Any CPU.ActiveCfg = Release|Any CPU
		{03D38552-2CD2-48B0-930E-C449506F5082}.Release|Any CPU.Build.0 = Release|Any CPU
		{A0D4BB45-E160-4D56-8F3C-CB3D8DF65203}.Debug|Any CPU.ActiveCfg = Debug|Any CPU
		{A0D4BB45-E160-4D56-8F3C-CB3D8DF65203}.Debug|Any CPU.Build.0 = Debug|Any CPU
		{A0D4BB45-E160-4D56-8F3C-CB3D8DF65203}.Release|Any CPU.ActiveCfg = Release|Any CPU
		{A0D4BB45-E160-4D56-8F3C-CB3D8DF65203}.Release|Any CPU.Build.0 = Release|Any CPU
	EndGlobalSection
	GlobalSection(SolutionProperties) = preSolution
		HideSolutionNode = FALSE
	EndGlobalSection
EndGlobal
